# This file is automatically @generated by Cargo.
# It is not intended for manual editing.
version = 4

[[package]]
name = "bitflags"
version = "2.4.2"
source = "registry+https://github.com/rust-lang/crates.io-index"
checksum = "ed570934406eb16438a4e976b1b4500774099c13b8cb96eec99f620f05090ddf"

[[package]]
name = "playground-jco"
version = "0.1.0"
dependencies = [
 "wit-bindgen",
 "wit-bindgen-rt",
]

[[package]]
name = "wit-bindgen"
version = "0.18.0"
source = "registry+https://github.com/rust-lang/crates.io-index"
checksum = "5408d742fcdf418b766f23b2393f0f4d9b10b72b7cd96d9525626943593e8cc0"
dependencies = [
 "bitflags",
]

[[package]]
name = "wit-bindgen-rt"
version = "0.43.0"
source = "registry+https://github.com/rust-lang/crates.io-index"
checksum = "9fd734226eac1fd7c450956964e3a9094c9cee65e9dafdf126feef8c0096db65"
dependencies = [
 "bitflags",
]
